
Microsoft Visual Studio Solution File, Format Version 12.00
# Visual Studio Version 16
VisualStudioVersion = 16.0.29920.165
MinimumVisualStudioVersion = 10.0.40219.1
Project("{FAE04EC0-301F-11D3-BF4B-00C04F79EFBC}") = "FlightMobileApp", "FlightMobileApp\FlightMobileApp.csproj", "{CFEE2AE9-CA43-48C1-932E-990EF0C14628}"
EndProject
Global
	GlobalSection(SolutionConfigurationPlatforms) = preSolution
		Debug|Any CPU = Debug|Any CPU
		Release|Any CPU = Release|Any CPU
	EndGlobalSection
	GlobalSection(ProjectConfigurationPlatforms) = postSolution
		{CFEE2AE9-CA43-48C1-932E-990EF0C14628}.Debug|Any CPU.ActiveCfg = Debug|Any CPU
		{CFEE2AE9-CA43-48C1-932E-990EF0C14628}.Debug|Any CPU.Build.0 = Debug|Any CPU
		{CFEE2AE9-CA43-48C1-932E-990EF0C14628}.Release|Any CPU.ActiveCfg = Release|Any CPU
		{CFEE2AE9-CA43-48C1-932E-990EF0C14628}.Release|Any CPU.Build.0 = Release|Any CPU
	EndGlobalSection
	GlobalSection(SolutionProperties) = preSolution
		HideSolutionNode = FALSE
	EndGlobalSection
	GlobalSection(ExtensibilityGlobals) = postSolution
		SolutionGuid = {E10DC695-50E1-4E7F-B4AF-B782E8862FD3}
	EndGlobalSection
EndGlobal
